
Microsoft Visual Studio Solution File, Format Version 12.00
# Visual Studio 2013
VisualStudioVersion = 12.0.40629.0
MinimumVisualStudioVersion = 10.0.40219.1
Project("{FAE04EC0-301F-11D3-BF4B-00C04F79EFBC}") = "ObserverDemo", "ObserverDemo\ObserverDemo.csproj", "{4D4C2D45-AF06-41F3-81E8-A2D426953333}"
EndProject
Project("{FAE04EC0-301F-11D3-BF4B-00C04F79EFBC}") = "Reservations", "Reservations\Reservations.csproj", "{B631928C-DF31-4EF0-A819-EF29768850AE}"
EndProject
Project("{FAE04EC0-301F-11D3-BF4B-00C04F79EFBC}") = "Houses", "Houses\Houses.csproj", "{0756216C-E326-44B6-883E-40784B70F1B6}"
EndProject
Project("{FAE04EC0-301F-11D3-BF4B-00C04F79EFBC}") = "Family.Common", "Family.Common\Family.Common.csproj", "{386731B8-DC84-4BCA-92A8-14AABD777D2A}"
EndProject
Project("{FAE04EC0-301F-11D3-BF4B-00C04F79EFBC}") = "ConsoleFamily", "ConsoleFamily\ConsoleFamily.csproj", "{C04DD122-8DE9-4CD8-9AA9-CA1606E144B5}"
EndProject
Project("{FAE04EC0-301F-11D3-BF4B-00C04F79EFBC}") = "CarShop", "CarShop\CarShop.csproj", "{B1E6E31E-E018-4BAD-BFC9-E6BB080F792C}"
EndProject
Global
	GlobalSection(SolutionConfigurationPlatforms) = preSolution
		Debug|Any CPU = Debug|Any CPU
		Release|Any CPU = Release|Any CPU
	EndGlobalSection
	GlobalSection(ProjectConfigurationPlatforms) = postSolution
		{4D4C2D45-AF06-41F3-81E8-A2D426953333}.Debug|Any CPU.ActiveCfg = Debug|Any CPU
		{4D4C2D45-AF06-41F3-81E8-A2D426953333}.Debug|Any CPU.Build.0 = Debug|Any CPU
		{4D4C2D45-AF06-41F3-81E8-A2D426953333}.Release|Any CPU.ActiveCfg = Release|Any CPU
		{4D4C2D45-AF06-41F3-81E8-A2D426953333}.Release|Any CPU.Build.0 = Release|Any CPU
		{B631928C-DF31-4EF0-A819-EF29768850AE}.Debug|Any CPU.ActiveCfg = Debug|Any CPU
		{B631928C-DF31-4EF0-A819-EF29768850AE}.Debug|Any CPU.Build.0 = Debug|Any CPU
		{B631928C-DF31-4EF0-A819-EF29768850AE}.Release|Any CPU.ActiveCfg = Release|Any CPU
		{B631928C-DF31-4EF0-A819-EF29768850AE}.Release|Any CPU.Build.0 = Release|Any CPU
		{0756216C-E326-44B6-883E-40784B70F1B6}.Debug|Any CPU.ActiveCfg = Debug|Any CPU
		{0756216C-E326-44B6-883E-40784B70F1B6}.Debug|Any CPU.Build.0 = Debug|Any CPU
		{0756216C-E326-44B6-883E-40784B70F1B6}.Release|Any CPU.ActiveCfg = Release|Any CPU
		{0756216C-E326-44B6-883E-40784B70F1B6}.Release|Any CPU.Build.0 = Release|Any CPU
		{386731B8-DC84-4BCA-92A8-14AABD777D2A}.Debug|Any CPU.ActiveCfg = Debug|Any CPU
		{386731B8-DC84-4BCA-92A8-14AABD777D2A}.Debug|Any CPU.Build.0 = Debug|Any CPU
		{386731B8-DC84-4BCA-92A8-14AABD777D2A}.Release|Any CPU.ActiveCfg = Release|Any CPU
		{386731B8-DC84-4BCA-92A8-14AABD777D2A}.Release|Any CPU.Build.0 = Release|Any CPU
		{C04DD122-8DE9-4CD8-9AA9-CA1606E144B5}.Debug|Any CPU.ActiveCfg = Debug|Any CPU
		{C04DD122-8DE9-4CD8-9AA9-CA1606E144B5}.Debug|Any CPU.Build.0 = Debug|Any CPU
		{C04DD122-8DE9-4CD8-9AA9-CA1606E144B5}.Release|Any CPU.ActiveCfg = Release|Any CPU
		{C04DD122-8DE9-4CD8-9AA9-CA1606E144B5}.Release|Any CPU.Build.0 = Release|Any CPU
		{B1E6E31E-E018-4BAD-BFC9-E6BB080F792C}.Debug|Any CPU.ActiveCfg = Debug|Any CPU
		{B1E6E31E-E018-4BAD-BFC9-E6BB080F792C}.Debug|Any CPU.Build.0 = Debug|Any CPU
		{B1E6E31E-E018-4BAD-BFC9-E6BB080F792C}.Release|Any CPU.ActiveCfg = Release|Any CPU
		{B1E6E31E-E018-4BAD-BFC9-E6BB080F792C}.Release|Any CPU.Build.0 = Release|Any CPU
	EndGlobalSection
	GlobalSection(SolutionProperties) = preSolution
		HideSolutionNode = FALSE
	EndGlobalSection
EndGlobal
